# This file is automatically @generated by Poetry 1.8.5 and should not be changed by hand.

[[package]]
name = "ftfy"
version = "6.3.1"
description = "Fixes mojibake and other problems with Unicode, after the fact"
optional = false
python-versions = ">=3.9"
files = [
    {file = "ftfy-6.3.1-py3-none-any.whl", hash = "sha256:7c70eb532015cd2f9adb53f101fb6c7945988d023a085d127d1573dc49dd0083"},
    {file = "ftfy-6.3.1.tar.gz", hash = "sha256:9b3c3d90f84fb267fe64d375a07b7f8912d817cf86009ae134aa03e1819506ec"},
]

[package.dependencies]
wcwidth = "*"

[[package]]
name = "html2text"
version = "2024.2.26"
description = "Turn HTML into equivalent Markdown-structured text."
optional = false
python-versions = ">=3.8"
files = [
    {file = "html2text-2024.2.26.tar.gz", hash = "sha256:05f8e367d15aaabc96415376776cdd11afd5127a77fce6e36afc60c563ca2c32"},
]

[[package]]
name = "plum-dispatch"
version = "1.7.4"
description = "Multiple dispatch in Python"
optional = false
python-versions = ">=3.7"
files = [
    {file = "plum-dispatch-1.7.4.tar.gz", hash = "sha256:1c1d15b2842b5fa98405fd3dff6fad4887bdc77b60bd200e209d76ebfe9990fe"},
    {file = "plum_dispatch-1.7.4-py3-none-any.whl", hash = "sha256:c40dbeab269bbbf972ce0dbc078380da19ebaee1a370a2c564e1814a11bde216"},
]

[[package]]
name = "pymupdf"
version = "1.25.3"
description = "A high performance Python library for data extraction, analysis, conversion & manipulation of PDF (and other) documents."
optional = false
python-versions = ">=3.9"
files = [
    {file = "pymupdf-1.25.3-cp39-abi3-macosx_10_9_x86_64.whl", hash = "sha256:96878e1b748f9c2011aecb2028c5f96b5a347a9a91169130ad0133053d97915e"},
    {file = "pymupdf-1.25.3-cp39-abi3-macosx_11_0_arm64.whl", hash = "sha256:6ef753005b72ebfd23470f72f7e30f61e21b0b5e748045ec5b8f89e6e3068d62"},
    {file = "pymupdf-1.25.3-cp39-abi3-manylinux2014_x86_64.manylinux_2_17_x86_64.whl", hash = "sha256:46d90c4f9e62d1856e8db4b9f04a202ff4a7f086a816af73abdc86adb7f5e25a"},
    {file = "pymupdf-1.25.3-cp39-abi3-musllinux_1_2_x86_64.whl", hash = "sha256:a5de51efdbe4d486b6c1111c84e8a231cbfb426f3d6ff31ab530ad70e6f39756"},
    {file = "pymupdf-1.25.3-cp39-abi3-win32.whl", hash = "sha256:bca72e6089f985d800596e22973f79cc08af6cbff1d93e5bda9248326a03857c"},
    {file = "pymupdf-1.25.3-cp39-abi3-win_amd64.whl", hash = "sha256:4fb357438c9129fbf939b5af85323434df64e36759c399c376b62ad6da95498c"},
    {file = "pymupdf-1.25.3.tar.gz", hash = "sha256:b640187c64c5ac5d97505a92e836da299da79c2f689f3f94a67a37a493492193"},
]

[[package]]
name = "spire-doc"
version = "13.1.0"
description = "A 100% standalone Word Python API for Processing Word Files"
optional = false
python-versions = ">=3.7"
files = [
    {file = "Spire.Doc-13.1.0-py3-none-macosx_10_7_universal.whl", hash = "sha256:9e2de69311a856a3210b2aa7d28440774f0b879a0c2631f2cd4fb7e60ec4fa09"},
    {file = "Spire.Doc-13.1.0-py3-none-manylinux1_x86_64.whl", hash = "sha256:f23b3ed113c116e5e3524c770398414b47a05679934a88c6f3fefebce89afc67"},
    {file = "Spire.Doc-13.1.0-py3-none-win_amd64.whl", hash = "sha256:655733c1d5caab7b3f7f1af71c2e3da0ee42db4f3f5352d18d1e5e2af68eb572"},
]

[package.dependencies]
plum-dispatch = "1.7.4"

[[package]]
name = "wcwidth"
version = "0.2.13"
description = "Measures the displayed width of unicode strings in a terminal"
optional = false
python-versions = "*"
files = [
    {file = "wcwidth-0.2.13-py2.py3-none-any.whl", hash = "sha256:3da69048e4540d84af32131829ff948f1e022c1c6bdb8d6102117aac784f6859"},
    {file = "wcwidth-0.2.13.tar.gz", hash = "sha256:72ea0c06399eb286d978fdedb6923a9eb47e1c486ce63e9b4e64fc18303972b5"},
]

[metadata]
lock-version = "2.0"
python-versions = "^3.12"
content-hash = "d225add8984001b55e6537c66510cab48b31993781214f1da886e2d81d5ae7b6"
